
Microsoft Visual Studio Solution File, Format Version 12.00
# Visual Studio Version 17
VisualStudioVersion = 17.8.34309.116
MinimumVisualStudioVersion = 10.0.40219.1
Project("{FAE04EC0-301F-11D3-BF4B-00C04F79EFBC}") = "UniSystem", "UniSystem\UniSystem.csproj", "{EDDE17D4-2ACB-4440-9344-A4A96EB9CD40}"
EndProject
Project("{FAE04EC0-301F-11D3-BF4B-00C04F79EFBC}") = "UniSystem.Models", "UniSystem.Models\UniSystem.Models.csproj", "{8A3157FD-CEF7-47F1-845D-3487BB8521C3}"
EndProject
Global
	GlobalSection(SolutionConfigurationPlatforms) = preSolution
		Debug|Any CPU = Debug|Any CPU
		Release|Any CPU = Release|Any CPU
	EndGlobalSection
	GlobalSection(ProjectConfigurationPlatforms) = postSolution
		{EDDE17D4-2ACB-4440-9344-A4A96EB9CD40}.Debug|Any CPU.ActiveCfg = Debug|Any CPU
		{EDDE17D4-2ACB-4440-9344-A4A96EB9CD40}.Debug|Any CPU.Build.0 = Debug|Any CPU
		{EDDE17D4-2ACB-4440-9344-A4A96EB9CD40}.Release|Any CPU.ActiveCfg = Release|Any CPU
		{EDDE17D4-2ACB-4440-9344-A4A96EB9CD40}.Release|Any CPU.Build.0 = Release|Any CPU
		{8A3157FD-CEF7-47F1-845D-3487BB8521C3}.Debug|Any CPU.ActiveCfg = Debug|Any CPU
		{8A3157FD-CEF7-47F1-845D-3487BB8521C3}.Debug|Any CPU.Build.0 = Debug|Any CPU
		{8A3157FD-CEF7-47F1-845D-3487BB8521C3}.Release|Any CPU.ActiveCfg = Release|Any CPU
		{8A3157FD-CEF7-47F1-845D-3487BB8521C3}.Release|Any CPU.Build.0 = Release|Any CPU
	EndGlobalSection
	GlobalSection(SolutionProperties) = preSolution
		HideSolutionNode = FALSE
	EndGlobalSection
	GlobalSection(ExtensibilityGlobals) = postSolution
		SolutionGuid = {03A7ABCD-3273-41FA-BDA9-088EA26E7DF8}
	EndGlobalSection
EndGlobal
